
Microsoft Visual Studio Solution File, Format Version 12.00
# Visual Studio 2013
VisualStudioVersion = 12.0.31101.0
MinimumVisualStudioVersion = 10.0.40219.1
Project("{FAE04EC0-301F-11D3-BF4B-00C04F79EFBC}") = "ExamGenerator", "ExamGenerator\ExamGenerator.csproj", "{F8B63B26-68E3-44BA-B14C-5BE76A740B88}"
EndProject
Project("{FAE04EC0-301F-11D3-BF4B-00C04F79EFBC}") = "TestPoolParser", "TestPoolParser\TestPoolParser.csproj", "{361F4712-0B15-4493-9964-E704AE307BA3}"
EndProject
Global
	GlobalSection(SolutionConfigurationPlatforms) = preSolution
		Debug|Any CPU = Debug|Any CPU
		Release|Any CPU = Release|Any CPU
	EndGlobalSection
	GlobalSection(ProjectConfigurationPlatforms) = postSolution
		{F8B63B26-68E3-44BA-B14C-5BE76A740B88}.Debug|Any CPU.ActiveCfg = Debug|Any CPU
		{F8B63B26-68E3-44BA-B14C-5BE76A740B88}.Debug|Any CPU.Build.0 = Debug|Any CPU
		{F8B63B26-68E3-44BA-B14C-5BE76A740B88}.Release|Any CPU.ActiveCfg = Release|Any CPU
		{F8B63B26-68E3-44BA-B14C-5BE76A740B88}.Release|Any CPU.Build.0 = Release|Any CPU
		{361F4712-0B15-4493-9964-E704AE307BA3}.Debug|Any CPU.ActiveCfg = Debug|Any CPU
		{361F4712-0B15-4493-9964-E704AE307BA3}.Debug|Any CPU.Build.0 = Debug|Any CPU
		{361F4712-0B15-4493-9964-E704AE307BA3}.Release|Any CPU.ActiveCfg = Release|Any CPU
		{361F4712-0B15-4493-9964-E704AE307BA3}.Release|Any CPU.Build.0 = Release|Any CPU
	EndGlobalSection
	GlobalSection(SolutionProperties) = preSolution
		HideSolutionNode = FALSE
	EndGlobalSection
EndGlobal
